
Microsoft Visual Studio Solution File, Format Version 12.00
# Visual Studio Version 17
VisualStudioVersion = 17.2.32616.157
MinimumVisualStudioVersion = 10.0.40219.1
Project("{FAE04EC0-301F-11D3-BF4B-00C04F79EFBC}") = "LengthConsoleApp", "LengthConsoleApp\LengthConsoleApp.csproj", "{C0EF9452-96B1-4FE8-A8A0-18BA78FA7C4F}"
EndProject
Global
	GlobalSection(SolutionConfigurationPlatforms) = preSolution
		Debug|Any CPU = Debug|Any CPU
		Release|Any CPU = Release|Any CPU
	EndGlobalSection
	GlobalSection(ProjectConfigurationPlatforms) = postSolution
		{C0EF9452-96B1-4FE8-A8A0-18BA78FA7C4F}.Debug|Any CPU.ActiveCfg = Debug|Any CPU
		{C0EF9452-96B1-4FE8-A8A0-18BA78FA7C4F}.Debug|Any CPU.Build.0 = Debug|Any CPU
		{C0EF9452-96B1-4FE8-A8A0-18BA78FA7C4F}.Release|Any CPU.ActiveCfg = Release|Any CPU
		{C0EF9452-96B1-4FE8-A8A0-18BA78FA7C4F}.Release|Any CPU.Build.0 = Release|Any CPU
	EndGlobalSection
	GlobalSection(SolutionProperties) = preSolution
		HideSolutionNode = FALSE
	EndGlobalSection
	GlobalSection(ExtensibilityGlobals) = postSolution
		SolutionGuid = {D27C5FB6-6EC6-4B49-8717-943EBDCB40A7}
	EndGlobalSection
EndGlobal
