
Microsoft Visual Studio Solution File, Format Version 12.00
# Visual Studio Version 17
VisualStudioVersion = 17.2.32616.157
MinimumVisualStudioVersion = 10.0.40219.1
Project("{FAE04EC0-301F-11D3-BF4B-00C04F79EFBC}") = "LengthClassLibrary", "LengthClassLibrary\LengthClassLibrary.csproj", "{34750DD5-A81D-4F43-9BD5-982C07BE35CC}"
EndProject
Global
	GlobalSection(SolutionConfigurationPlatforms) = preSolution
		Debug|Any CPU = Debug|Any CPU
		Release|Any CPU = Release|Any CPU
	EndGlobalSection
	GlobalSection(ProjectConfigurationPlatforms) = postSolution
		{34750DD5-A81D-4F43-9BD5-982C07BE35CC}.Debug|Any CPU.ActiveCfg = Debug|Any CPU
		{34750DD5-A81D-4F43-9BD5-982C07BE35CC}.Debug|Any CPU.Build.0 = Debug|Any CPU
		{34750DD5-A81D-4F43-9BD5-982C07BE35CC}.Release|Any CPU.ActiveCfg = Release|Any CPU
		{34750DD5-A81D-4F43-9BD5-982C07BE35CC}.Release|Any CPU.Build.0 = Release|Any CPU
	EndGlobalSection
	GlobalSection(SolutionProperties) = preSolution
		HideSolutionNode = FALSE
	EndGlobalSection
	GlobalSection(ExtensibilityGlobals) = postSolution
		SolutionGuid = {53866580-C683-438E-A261-325A979E30BE}
	EndGlobalSection
EndGlobal
